github.com/adrg/xdg v0.5.3 h1:xRnxJXne7+oWDatRhR1JLnvuccuIeCoBu2rtuLqQB78=
github.com/adrg/xdg v0.5.3/go.mod h1:nlTsY+NNiCBGCK2tpm09vRqfVzrc2fLmXGpBLF0zlTQ=
github.com/andybalholm/brotli v1.2.2 h1:HzTuoo2ErYQqf5qvcJInB8uvqSVxRttzkFexPWtnceM=
github.com/andybalholm/brotli v1.2.2/go.mod h1:rzTDkvFWvIrjDXZHkuS16NPggd91W3kUSvPlQ1pLaKY=
github.com/cespare/xxhash/v2 v2.3.0 h1:UL815xU9SqsFlibzuggzjXhog7bL6oX9BbNZnL2UFvs=
github.com/cespare/xxhash/v2 v2.3.0/go.mod h1:VGX0DQ3Q6kWi7AoAeZDth3/j3BFtOZR5XLFGgcrjCOs=
github.com/coder/websocket v1.8.15 h1:6B2JPeOGlpff2Uz6vOEH1Vzpi0iUz20A+lPVhPHtNUA=
github.com/coder/websocket v1.8.15/go.mod h1:NX3SzP+inril6yawo5CQXx8+fk145lPDC6pumgx0mVg=
github.com/davecgh/go-spew v1.1.1 h1:vj9j/u1bqnvCEfJOwUhtlOARqs3+rkHYY13jYWTU97c=
github.com/davecgh/go-spew v1.1.1/go.mod h1:J7Y8YcW2NihsgmVo/mv3lAwl/skON4iLHjSsI+c5H38=
github.com/ebitengine/purego v0.10.2 h1:W809HbnvzAxgdm+aOvlSekrM16wGCdT/e76+9tS7gzE=
github.com/ebitengine/purego v0.10.2/go.mod h1:iIjxzd6CiRiOG0UyXP+V1+jWqUXVjPKLAI0mRfJZTmQ=
github.com/go-crdt/collab v0.25.0 h1:xO/cZq41GvsCyPOw+sdldCu2r3lDbMK1N0GgN6D9+Ss=
github.com/go-crdt/collab v0.25.0/go.mod h1:eYhMwHjmRyN5zMk/IBwBsTe3ZxqHuSCvNx3TdVTpYHg=
github.com/go-crdt/crdt v0.31.0 h1:CTi+lo0bjsJv3F09CR/AdILQtWEWmzbDQ+S/6HNBOMU=
github.com/go-crdt/crdt v0.31.0/go.mod h1:vbfvns9B9FUaMi2sPKzMYttKmbxfgO7EK3Yu82SrlYw=
github.com/go-freedesktop/desktopentry v0.1.0 h1:1cvTNXo63J5sFx8Ch18e1Dzw8BWUY7wr4OzJKCf7Cac=
github.com/go-freedesktop/desktopentry v0.1.0/go.mod h1:iw5+/k0LMY2pvYYD3euvkjG/cUUZa37HEzLiTjaxqQE=
github.com/go-freedesktop/icontheme v0.1.0 h1:sY7eELAv5Jr/69M75uQdDoxMnnYg7cd6MeQxjRqQVaw=
github.com/go-freedesktop/icontheme v0.1.0/go.mod h1:1pd0HU10jyrUagmXSerxxnP7JI7yNQwYgtHEIjszMIs=
github.com/go-freedesktop/menu v0.1.0 h1:oakpvbM2ZdorKj8D2lzRxY8r9BUwGqMjPE/f54/Kv/c=
github.com/go-freedesktop/menu v0.1.0/go.mod h1:M1s1BUAOa9fRels8rJ5tpxPH3bYRVmKW9bUHrOE/tFg=
github.com/go-freedesktop/mime v0.1.0 h1:EpiwlodU55JWTV8c5CNrYdg9N8olStIlmQDajvJZ5Os=
github.com/go-freedesktop/mime v0.1.0/go.mod h1:3F/17bNSvfxWaT1r4D3OIDLa1+cKmtVWWYpHqmDdu0c=
github.com/go-freedesktop/mimeapps v0.1.0 h1:fxO5TWoCX9+y6LoWTJJAjwQhKnW5mVpUbuwFPUxpmog=
github.com/go-freedesktop/mimeapps v0.1.0/go.mod h1:NL79LtvECmRHf1kDr/a+Sd8d4Jg/7g1dERuPIKOsHDQ=
github.com/go-freedesktop/notifications v0.5.0 h1:AGHI0eyZRKFKlLVSIGmVjRPV9APR8aYSfQhCNjTAZbA=
github.com/go-freedesktop/notifications v0.5.0/go.mod h1:WOo5w2Aa34+F+7FN6tWusc8Mh61y/YCKt4NsVJWGtjQ=
github.com/go-gfx/gfx v0.11.0 h1:IwdTO1i7veITSvEFBSjYAqiwzNm7CryDlkQgTt/NsKI=
github.com/go-gfx/gfx v0.11.0/go.mod h1:bFt/MWyYWRU3Ic9IaB8XOC9KLMMHRRmahMk4FaIGK7g=
github.com/go-icons/iconoir v0.2.0 h1:I5AnDEIPgYfawTmwzemDRJjlYCUbFHuS8GJXrjADhXc=
github.com/go-icons/iconoir v0.2.0/go.mod h1:Td/M2vy4xdVv4aOudAskV0nXR9Wv0MlhWvyRIzPBz5U=
github.com/go-images/images v0.0.0-20260811115337-bc5d586f8e38 h1:p+DjIujiwUvBiyD0oS9SUatf3pMKo0GpcA4p/Kyv7d8=
github.com/go-images/images v0.0.0-20260811115337-bc5d586f8e38/go.mod h1:nWwQCf77xG1GhaSD3rvlp7FNjjDhz47vrztyeBvIerk=
github.com/go-logr/logr v1.4.3 h1:CjnDlHq8ikf6E492q6eKboGOC0T8CDaOvkHCIg8idEI=
github.com/go-logr/logr v1.4.3/go.mod h1:9T104GzyrTigFIr8wt5mBrctHMim0Nb2HLGrmQ40KvY=
github.com/go-logr/stdr v1.2.2 h1:hSWxHoqTgW2S2qGc0LTAI563KZ5YKYRhT3MFKZMbjag=
github.com/go-logr/stdr v1.2.2/go.mod h1:mMo/vtBO5dYbehREoey6XUKy/eSumjCCveDpRre4VKE=
github.com/go-macos/objc v0.1.1 h1:fcuSplZNWzpZjimxMN3HkDHW7XnHFaGaEDIwrTbhdxs=
github.com/go-macos/objc v0.1.1/go.mod h1:00GJyieLzPcb65rPLVWNPPUCVm79nmmiEXUDsslRpOs=
github.com/go-opentype/fonts v0.6.0 h1:pUKITjwC/gZg+XNCqP5eGLi8RHu2RAIcDrr6yp1VKMU=
github.com/go-opentype/fonts v0.6.0/go.mod h1:C6yQL2apHItfEZ5hztpsHF0S5mlX/hklLlq/Z5fRG/g=
github.com/go-opentype/fonts v0.9.0 h1:slB6OB3riLyUPrOxqXe0s6/AzdenF1TDvCN8N87hhQk=
github.com/go-opentype/fonts v0.9.0/go.mod h1:C6yQL2apHItfEZ5hztpsHF0S5mlX/hklLlq/Z5fRG/g=
github.com/go-opentype/opentype v0.5.0 h1:++VoqgbXgYACyTTNzUAivoxW9M3m2gxWMAn6bIY7DXg=
github.com/go-opentype/opentype v0.5.0/go.mod h1:AOixevJf7XQaH7+WG+OMIOZEbYPXfMqklVk26Y6YTUU=
github.com/go-opentype/shape v0.5.0 h1:jHNaOMHNBdDj5EixOevlrrsi92svMxvVMKN7GYaPfxo=
github.com/go-opentype/shape v0.5.0/go.mod h1:3ImRYNIj6zpwWQ/DV3BWhgMFfmzDITH6XpZw2auQHTo=
github.com/go-richdoc/richdoc v0.2.0 h1:z9cLox9MoInZL6fIlweMzgDT/VqgnB2ZucSIEaRFglY=
github.com/go-richdoc/richdoc v0.2.0/go.mod h1:aCX8ulqg5CoKqSWgWeEWul1Oj0d2VxQeaQNI0+jsm7c=
github.com/go-thumbnail/thumbnail v0.1.0 h1:fgYeTuAyh+IqdMSCVcAHlxppdLoxTGiHQN0zNnaBH4c=
github.com/go-thumbnail/thumbnail v0.1.0/go.mod h1:JU2H+78oClDaVvOpiD6DF70AmYtIRTdJMilEHYiFckg=
github.com/go-typeset/bidi v0.3.0 h1:4fjGjejvjE2LzLNzY4si8PkVO321NcsKIiANhWT3jF4=
github.com/go-typeset/bidi v0.3.0/go.mod h1:ct3cmYT8Qt1FGJQ+2QaakrUxqaP4ZysgdQQg2ym5+Xo=
github.com/go-widgets/mvvm v0.8.0 h1:DqyNiNNTdITkMOdAwGvWFuCd6xpTaDRS2S+LNxd8inA=
github.com/go-widgets/mvvm v0.8.0/go.mod h1:GuGxC1kVTiPWANsAfKBPFb2YlmoG55J3NmZauvyqJ6w=
github.com/go-widgets/painter v0.11.0 h1:xsj4zTz8B43rOZnWrx7ZsaUBMgJyvgaE/Pq2FfcG2Sw=
github.com/go-widgets/painter v0.11.0/go.mod h1:IPRLqdUJuJX8sfuHeYLZCzjoLvA0ApbOlyIAVmguJDQ=
github.com/go-widgets/toolkit v0.284.0 h1:AWTO/Qcw5sftSVoz0CaCqmBtgYz8gImrYIyqeFUGcVE=
github.com/go-widgets/toolkit v0.284.0/go.mod h1:IaRQFcV6FjxwzGXpHd3dpEoWZ+82f7dMPwtEZSH4nIg=
github.com/go-widgets/window v0.20.0 h1:KFbyR8vtcyMl86Lq6Y+NakUeCjBs5IeMAB+2g4Aw1mc=
github.com/go-widgets/window v0.20.0/go.mod h1:Hr/JUdmyU1BKDUwyUPTvpXmr0BuzONHFcPwlgPL+7kQ=
github.com/godbus/dbus/v5 v5.2.2 h1:TUR3TgtSVDmjiXOgAAyaZbYmIeP3DPkld3jgKGV8mXQ=
github.com/godbus/dbus/v5 v5.2.2/go.mod h1:3AAv2+hPq5rdnr5txxxRwiGjPXamgoIHgz9FPBfOp3c=
github.com/golang/protobuf v1.5.4 h1:i7eJL8qZTpSEXOPTxNKhASYpMn+8e5Q6AdndVa1dWek=
github.com/golang/protobuf v1.5.4/go.mod h1:lnTiLA8Wa4RWRcIUkrtSVa5nRhsEGBg48fD6rSs7xps=
github.com/google/go-cmp v0.7.0 h1:wk8382ETsv4JYUZwIsn6YpYiWiBsYLSJiTsyBybVuN8=
github.com/google/go-cmp v0.7.0/go.mod h1:pXiqmnSA92OHEEa9HXL2W4E7lf9JzCmGVUdgjX3N/iU=
github.com/google/uuid v1.6.0 h1:NIvaJDMOsjHA8n1jAhLSgzrAzy1Hgr+hNrb57e+94F0=
github.com/google/uuid v1.6.0/go.mod h1:TIyPZe4MgqvfeYDBFedMoGGpEw/LqOeaOT+nhxU+yHo=
github.com/grpc-transports/websocket v0.2.0 h1:n4lN066PPcVTvTfLdwa84gfNiAzvS9k4SSQ1yWuG3+g=
github.com/grpc-transports/websocket v0.2.0/go.mod h1:2z7Qy11qgPaGDfqzImOt0iyLwH0wjfsvaiidCIIpzgg=
github.com/jessevdk/go-flags v1.4.0/go.mod h1:4FA24M0QyGHXBuZZK/XkWh8h0e1EYbRYJSGM75WSRxI=
github.com/pmezard/go-difflib v1.0.0 h1:4DBwDE0NGyQoBHbLQYPwSUPoCMWR5BEzIk/f1lZbAQM=
github.com/pmezard/go-difflib v1.0.0/go.mod h1:iKH77koFhYxTK1pcRnkKkqfTogsbg7gZNVY4sRDYZ/4=
github.com/rkoesters/xdg v0.0.1 h1:RmfYxghVvIsb4d51u5LtNOcwqY5r3P44u6o86qqvBMA=
github.com/rkoesters/xdg v0.0.1/go.mod h1:5DcbjvJkY00fIOKkaBnylbC/rmc1NNJP5dmUcnlcm7U=
github.com/sergeymakinen/go-bmp v1.0.0 h1:SdGTzp9WvCV0A1V0mBeaS7kQAwNLdVJbmHlqNWq0R+M=
github.com/sergeymakinen/go-bmp v1.0.0/go.mod h1:/mxlAQZRLxSvJFNIEGGLBE/m40f3ZnUifpgVDlcUIEY=
github.com/sergeymakinen/go-ico v1.0.0 h1:uL3khgvKkY6WfAetA+RqsguClBuu7HpvBB/nq/Jvr80=
github.com/sergeymakinen/go-ico v1.0.0/go.mod h1:wQ47mTczswBO5F0NoDt7O0IXgnV4Xy3ojrroMQzyhUk=
github.com/stretchr/testify v1.9.0 h1:HtqpIVDClZ4nwg75+f6Lvsy/wHu+3BoSGCbBAcpTsTg=
github.com/stretchr/testify v1.9.0/go.mod h1:r2ic/lqez/lEtzL7wO/rwa5dbSLXVDPFyf8C91i36aY=
github.com/xyproto/randomstring v1.0.5 h1:YtlWPoRdgMu3NZtP45drfy1GKoojuR7hmRcnhZqKjWU=
github.com/xyproto/randomstring v1.0.5/go.mod h1:rgmS5DeNXLivK7YprL0pY+lTuhNQW3iGxZ18UQApw/E=
go.opentelemetry.io/auto/sdk v1.2.1 h1:jXsnJ4Lmnqd11kwkBV2LgLoFMZKizbCi5fNZ/ipaZ64=
go.opentelemetry.io/auto/sdk v1.2.1/go.mod h1:KRTj+aOaElaLi+wW1kO/DZRXwkF4C5xPbEe3ZiIhN7Y=
go.opentelemetry.io/otel v1.39.0 h1:8yPrr/S0ND9QEfTfdP9V+SiwT4E0G7Y5MO7p85nis48=
go.opentelemetry.io/otel v1.39.0/go.mod h1:kLlFTywNWrFyEdH0oj2xK0bFYZtHRYUdv1NklR/tgc8=
go.opentelemetry.io/otel/metric v1.39.0 h1:d1UzonvEZriVfpNKEVmHXbdf909uGTOQjA0HF0Ls5Q0=
go.opentelemetry.io/otel/metric v1.39.0/go.mod h1:jrZSWL33sD7bBxg1xjrqyDjnuzTUB0x1nBERXd7Ftcs=
go.opentelemetry.io/otel/sdk v1.39.0 h1:nMLYcjVsvdui1B/4FRkwjzoRVsMK8uL/cj0OyhKzt18=
go.opentelemetry.io/otel/sdk v1.39.0/go.mod h1:vDojkC4/jsTJsE+kh+LXYQlbL8CgrEcwmt1ENZszdJE=
go.opentelemetry.io/otel/sdk/metric v1.39.0 h1:cXMVVFVgsIf2YL6QkRF4Urbr/aMInf+2WKg+sEJTtB8=
go.opentelemetry.io/otel/sdk/metric v1.39.0/go.mod h1:xq9HEVH7qeX69/JnwEfp6fVq5wosJsY1mt4lLfYdVew=
go.opentelemetry.io/otel/trace v1.39.0 h1:2d2vfpEDmCJ5zVYz7ijaJdOF59xLomrvj7bjt6/qCJI=
go.opentelemetry.io/otel/trace v1.39.0/go.mod h1:88w4/PnZSazkGzz/w84VHpQafiU4EtqqlVdxWy+rNOA=
golang.org/x/image v0.45.0 h1:FMb1nTbH5H9vF55SriQHgFw5GnNL9Jg6L25BwXKzhB0=
golang.org/x/image v0.45.0/go.mod h1:n62x/7RqlwXDvGsSU4u6IUTUf6KghUZ9Bt7cG/T9Fx4=
golang.org/x/net v0.49.0 h1:eeHFmOGUTtaaPSGNmjBKpbng9MulQsJURQUAfUwY++o=
golang.org/x/net v0.49.0/go.mod h1:/ysNB2EvaqvesRkuLAyjI1ycPZlQHM3q01F02UY/MV8=
golang.org/x/sys v0.47.0 h1:o7XGOvZQCADBQQ4Y7VNq2dRWQR7JmOUW8Kxx4ZsNgWs=
golang.org/x/sys v0.47.0/go.mod h1:4GL1E5IUh+htKOUEOaiffhrAeqysfVGipDYzABqnCmw=
golang.org/x/text v0.41.0 h1:vz/seA0lnX87Othu2f/0L24RcgrXD9/YFTSuGjj3rH8=
golang.org/x/text v0.41.0/go.mod h1:jvf1O8ajNzZqhSrQBPbutR/EB83Cc0CFrezNQIwbb5M=
gonum.org/v1/gonum v0.17.0 h1:VbpOemQlsSMrYmn7T2OUvQ4dqxQXU+ouZFQsZOx50z4=
gonum.org/v1/gonum v0.17.0/go.mod h1:El3tOrEuMpv2UdMrbNlKEh9vd86bmQ6vqIcDwxEOc1E=
google.golang.org/genproto/googleapis/rpc v0.0.0-20260120221211-b8f7ae30c516 h1:sNrWoksmOyF5bvJUcnmbeAmQi8baNhqg5IWaI3llQqU=
google.golang.org/genproto/googleapis/rpc v0.0.0-20260120221211-b8f7ae30c516/go.mod h1:j9x/tPzZkyxcgEFkiKEEGxfvyumM01BEtsW8xzOahRQ=
google.golang.org/grpc v1.80.0 h1:Xr6m2WmWZLETvUNvIUmeD5OAagMw3FiKmMlTdViWsHM=
google.golang.org/grpc v1.80.0/go.mod h1:ho/dLnxwi3EDJA4Zghp7k2Ec1+c2jqup0bFkw07bwF4=
google.golang.org/protobuf v1.36.12 h1:pJOKDDOyeXErUroCihFAd5LQuwXBSpVnKGrj5o/fwxc=
google.golang.org/protobuf v1.36.12/go.mod h1:HTf+CrKn2C3g5S8VImy6tdcUvCska2kB7j23XfzDpco=
gopkg.in/check.v1 v0.0.0-20161208181325-20d25e280405/go.mod h1:Co6ibVJAznAaIkqp8huTwlJQCZ016jof/cbN4VW5Yz0=
gopkg.in/yaml.v1 v1.0.0-20140924161607-9f9df34309c0/go.mod h1:WDnlLJ4WF5VGsH/HVa3CI79GS0ol3YnhVnKP89i0kNg=
gopkg.in/yaml.v3 v3.0.1 h1:fxVm/GzAzEWqLHuvctI91KS9hhNmmWOoWu0XTYJS7CA=
gopkg.in/yaml.v3 v3.0.1/go.mod h1:K4uyk7z7BCEPqu6E+C64Yfv1cQ7kz7rIZviUmN+EgEM=
howett.net/plist v1.0.1 h1:37GdZ8tP09Q35o9ych3ehygcsL+HqKSwzctveSlarvM=
howett.net/plist v1.0.1/go.mod h1:lqaXoTrLY4hg8tnEzNru53gicrbv7rrk+2xJA/7hw9g=
